// !$*UTF8*$!
{
	archiveVersion = 1;
	classes = {
	};
	objectVersion = 51;
	objects = {

/* Begin PBXBuildFile section */
		4036512BDDFA9544EF9E303F /* Pods_IssueParser.framework in Frameworks */ = {isa = PBXBuildFile; fileRef = 32C9B7F5743606CBA970AF15 /* Pods_IssueParser.framework */; };
		925CE456264B0F6300A1948A /* IssuesViewController.swift in Sources */ = {isa = PBXBuildFile; fileRef = 925CE455264B0F6300A1948A /* IssuesViewController.swift */; };
		925CE45A264B0F6F00A1948A /* IssuesViewModel.swift in Sources */ = {isa = PBXBuildFile; fileRef = 925CE459264B0F6F00A1948A /* IssuesViewModel.swift */; };
		925CE460264B0FE200A1948A /* IssuesCoordinator.swift in Sources */ = {isa = PBXBuildFile; fileRef = 925CE45F264B0FE200A1948A /* IssuesCoordinator.swift */; };
		925CE466264B146700A1948A /* IssuesLoader.swift in Sources */ = {isa = PBXBuildFile; fileRef = 925CE465264B146700A1948A /* IssuesLoader.swift */; };
		925CE46A264B16F300A1948A /* Issue.swift in Sources */ = {isa = PBXBuildFile; fileRef = 925CE469264B16F300A1948A /* Issue.swift */; };
		92748C3B264E9DEC00D3DBA7 /* IssuesLoaderTests.swift in Sources */ = {isa = PBXBuildFile; fileRef = 92748C3A264E9DEC00D3DBA7 /* IssuesLoaderTests.swift */; };
		92748C4C264EA00800D3DBA7 /* issues_test.csv in Resources */ = {isa = PBXBuildFile; fileRef = 92748C4B264EA00700D3DBA7 /* issues_test.csv */; };
		92748C55264EA90A00D3DBA7 /* Result+Values.swift in Sources */ = {isa = PBXBuildFile; fileRef = 92748C54264EA90A00D3DBA7 /* Result+Values.swift */; };
		92E78C16264D39950025EAF4 /* TableViewDataSource.swift in Sources */ = {isa = PBXBuildFile; fileRef = 92E78C10264D39950025EAF4 /* TableViewDataSource.swift */; };
		92E78C19264D39950025EAF4 /* Reusable.swift in Sources */ = {isa = PBXBuildFile; fileRef = 92E78C15264D39950025EAF4 /* Reusable.swift */; };
		92E78C21264D3D6A0025EAF4 /* TableViewDataSource+Issue.swift in Sources */ = {isa = PBXBuildFile; fileRef = 92E78C20264D3D6A0025EAF4 /* TableViewDataSource+Issue.swift */; };
		92E78C2A264D3F680025EAF4 /* IssueTableViewCell.swift in Sources */ = {isa = PBXBuildFile; fileRef = 92E78C28264D3F680025EAF4 /* IssueTableViewCell.swift */; };
		92E78C2B264D3F680025EAF4 /* IssueTableViewCell.xib in Resources */ = {isa = PBXBuildFile; fileRef = 92E78C29264D3F680025EAF4 /* IssueTableViewCell.xib */; };
		92E78C35264D5C1A0025EAF4 /* DateDecodingStrategy+CSV.swift in Sources */ = {isa = PBXBuildFile; fileRef = 92E78C34264D5C1A0025EAF4 /* DateDecodingStrategy+CSV.swift */; };
		92E78C39264D5ED00025EAF4 /* DateFormatter+Custom.swift in Sources */ = {isa = PBXBuildFile; fileRef = 92E78C38264D5ED00025EAF4 /* DateFormatter+Custom.swift */; };
		92E78C41264D609F0025EAF4 /* JSONDecoder+Custom.swift in Sources */ = {isa = PBXBuildFile; fileRef = 92E78C40264D609F0025EAF4 /* JSONDecoder+Custom.swift */; };
		92E78C4F264D679C0025EAF4 /* IssuesCoordinatorTests.swift in Sources */ = {isa = PBXBuildFile; fileRef = 92E78C4E264D679C0025EAF4 /* IssuesCoordinatorTests.swift */; };
		92E78C58264D68C10025EAF4 /* NavigationControllerMock.swift in Sources */ = {isa = PBXBuildFile; fileRef = 92E78C57264D68C10025EAF4 /* NavigationControllerMock.swift */; };
		92E99995264580C3001058B8 /* AppDelegate.swift in Sources */ = {isa = PBXBuildFile; fileRef = 92E99994264580C3001058B8 /* AppDelegate.swift */; };
		92E9999E264580C4001058B8 /* Assets.xcassets in Resources */ = {isa = PBXBuildFile; fileRef = 92E9999D264580C4001058B8 /* Assets.xcassets */; };
		92E999A1264580C4001058B8 /* LaunchScreen.storyboard in Resources */ = {isa = PBXBuildFile; fileRef = 92E9999F264580C4001058B8 /* LaunchScreen.storyboard */; };
		92E999DF2645978F001058B8 /* ApplicationCoordinator.swift in Sources */ = {isa = PBXBuildFile; fileRef = 92E999DD2645978F001058B8 /* ApplicationCoordinator.swift */; };
		92E999E02645978F001058B8 /* Coordinator.swift in Sources */ = {isa = PBXBuildFile; fileRef = 92E999DE2645978F001058B8 /* Coordinator.swift */; };
		92E999F72645A1EE001058B8 /* issues.csv in Resources */ = {isa = PBXBuildFile; fileRef = 92E999F62645A1EE001058B8 /* issues.csv */; };
		92F99FCC264EAF98008F983F /* issues_test_broken.csv in Resources */ = {isa = PBXBuildFile; fileRef = 92F99FCA264EAF98008F983F /* issues_test_broken.csv */; };
		92F99FCD264EAF98008F983F /* issues_test_heavy.csv in Resources */ = {isa = PBXBuildFile; fileRef = 92F99FCB264EAF98008F983F /* issues_test_heavy.csv */; };
		E726FCEE60FBE590FF7C8BA0 /* Pods_IssueParserTests.framework in Frameworks */ = {isa = PBXBuildFile; fileRef = F504FCDD240E7FBCFA721290 /* Pods_IssueParserTests.framework */; };
/* End PBXBuildFile section */

/* Begin PBXContainerItemProxy section */
		92E999A8264580C4001058B8 /* PBXContainerItemProxy */ = {
			isa = PBXContainerItemProxy;
			containerPortal = 92E99989264580C3001058B8 /* Project object */;
			proxyType = 1;
			remoteGlobalIDString = 92E99990264580C3001058B8;
			remoteInfo = IssueParser;
		};
/* End PBXContainerItemProxy section */

/* Begin PBXFileReference section */
		07A331DE855EA5B9C5D4B619 /* Pods-IssueParser.release.xcconfig */ = {isa = PBXFileReference; includeInIndex = 1; lastKnownFileType = text.xcconfig; name = "Pods-IssueParser.release.xcconfig"; path = "Target Support Files/Pods-IssueParser/Pods-IssueParser.release.xcconfig"; sourceTree = "<group>"; };
		0802B92B7BA882DC6B7C1984 /* Pods_IssueParser_IssueParserUITests.framework */ = {isa = PBXFileReference; explicitFileType = wrapper.framework; includeInIndex = 0; path = Pods_IssueParser_IssueParserUITests.framework; sourceTree = BUILT_PRODUCTS_DIR; };
		110F3B376A5C7DE7C5114919 /* Pods-IssueParserTests.debug.xcconfig */ = {isa = PBXFileReference; includeInIndex = 1; lastKnownFileType = text.xcconfig; name = "Pods-IssueParserTests.debug.xcconfig"; path = "Target Support Files/Pods-IssueParserTests/Pods-IssueParserTests.debug.xcconfig"; sourceTree = "<group>"; };
		150B8EFE1BC650E4CCD12ECA /* Pods-IssueParserTests.release.xcconfig */ = {isa = PBXFileReference; includeInIndex = 1; lastKnownFileType = text.xcconfig; name = "Pods-IssueParserTests.release.xcconfig"; path = "Target Support Files/Pods-IssueParserTests/Pods-IssueParserTests.release.xcconfig"; sourceTree = "<group>"; };
		32C9B7F5743606CBA970AF15 /* Pods_IssueParser.framework */ = {isa = PBXFileReference; explicitFileType = wrapper.framework; includeInIndex = 0; path = Pods_IssueParser.framework; sourceTree = BUILT_PRODUCTS_DIR; };
		925CE455264B0F6300A1948A /* IssuesViewController.swift */ = {isa = PBXFileReference; lastKnownFileType = sourcecode.swift; path = IssuesViewController.swift; sourceTree = "<group>"; };
		925CE459264B0F6F00A1948A /* IssuesViewModel.swift */ = {isa = PBXFileReference; lastKnownFileType = sourcecode.swift; path = IssuesViewModel.swift; sourceTree = "<group>"; };
		925CE45F264B0FE200A1948A /* IssuesCoordinator.swift */ = {isa = PBXFileReference; lastKnownFileType = sourcecode.swift; path = IssuesCoordinator.swift; sourceTree = "<group>"; };
		925CE465264B146700A1948A /* IssuesLoader.swift */ = {isa = PBXFileReference; lastKnownFileType = sourcecode.swift; path = IssuesLoader.swift; sourceTree = "<group>"; };
		925CE469264B16F300A1948A /* Issue.swift */ = {isa = PBXFileReference; lastKnownFileType = sourcecode.swift; path = Issue.swift; sourceTree = "<group>"; };
		92748C3A264E9DEC00D3DBA7 /* IssuesLoaderTests.swift */ = {isa = PBXFileReference; lastKnownFileType = sourcecode.swift; path = IssuesLoaderTests.swift; sourceTree = "<group>"; };
		92748C4B264EA00700D3DBA7 /* issues_test.csv */ = {isa = PBXFileReference; fileEncoding = 4; lastKnownFileType = text; path = issues_test.csv; sourceTree = "<group>"; };
		92748C54264EA90A00D3DBA7 /* Result+Values.swift */ = {isa = PBXFileReference; lastKnownFileType = sourcecode.swift; path = "Result+Values.swift"; sourceTree = "<group>"; };
		92E78C10264D39950025EAF4 /* TableViewDataSource.swift */ = {isa = PBXFileReference; fileEncoding = 4; lastKnownFileType = sourcecode.swift; path = TableViewDataSource.swift; sourceTree = "<group>"; };
		92E78C15264D39950025EAF4 /* Reusable.swift */ = {isa = PBXFileReference; fileEncoding = 4; lastKnownFileType = sourcecode.swift; path = Reusable.swift; sourceTree = "<group>"; };
		92E78C20264D3D6A0025EAF4 /* TableViewDataSource+Issue.swift */ = {isa = PBXFileReference; lastKnownFileType = sourcecode.swift; path = "TableViewDataSource+Issue.swift"; sourceTree = "<group>"; };
		92E78C28264D3F680025EAF4 /* IssueTableViewCell.swift */ = {isa = PBXFileReference; lastKnownFileType = sourcecode.swift; path = IssueTableViewCell.swift; sourceTree = "<group>"; };
		92E78C29264D3F680025EAF4 /* IssueTableViewCell.xib */ = {isa = PBXFileReference; lastKnownFileType = file.xib; path = IssueTableViewCell.xib; sourceTree = "<group>"; };
		92E78C34264D5C1A0025EAF4 /* DateDecodingStrategy+CSV.swift */ = {isa = PBXFileReference; lastKnownFileType = sourcecode.swift; path = "DateDecodingStrategy+CSV.swift"; sourceTree = "<group>"; };
		92E78C38264D5ED00025EAF4 /* DateFormatter+Custom.swift */ = {isa = PBXFileReference; lastKnownFileType = sourcecode.swift; path = "DateFormatter+Custom.swift"; sourceTree = "<group>"; };
		92E78C40264D609F0025EAF4 /* JSONDecoder+Custom.swift */ = {isa = PBXFileReference; lastKnownFileType = sourcecode.swift; path = "JSONDecoder+Custom.swift"; sourceTree = "<group>"; };
		92E78C4E264D679C0025EAF4 /* IssuesCoordinatorTests.swift */ = {isa = PBXFileReference; lastKnownFileType = sourcecode.swift; path = IssuesCoordinatorTests.swift; sourceTree = "<group>"; };
		92E78C57264D68C10025EAF4 /* NavigationControllerMock.swift */ = {isa = PBXFileReference; lastKnownFileType = sourcecode.swift; path = NavigationControllerMock.swift; sourceTree = "<group>"; };
		92E99991264580C3001058B8 /* IssueParser.app */ = {isa = PBXFileReference; explicitFileType = wrapper.application; includeInIndex = 0; path = IssueParser.app; sourceTree = BUILT_PRODUCTS_DIR; };
		92E99994264580C3001058B8 /* AppDelegate.swift */ = {isa = PBXFileReference; lastKnownFileType = sourcecode.swift; path = AppDelegate.swift; sourceTree = "<group>"; };
		92E9999D264580C4001058B8 /* Assets.xcassets */ = {isa = PBXFileReference; lastKnownFileType = folder.assetcatalog; path = Assets.xcassets; sourceTree = "<group>"; };
		92E999A0264580C4001058B8 /* Base */ = {isa = PBXFileReference; lastKnownFileType = file.storyboard; name = Base; path = Base.lproj/LaunchScreen.storyboard; sourceTree = "<group>"; };
		92E999A2264580C4001058B8 /* Info.plist */ = {isa = PBXFileReference; lastKnownFileType = text.plist.xml; path = Info.plist; sourceTree = "<group>"; };
		92E999A7264580C4001058B8 /* IssueParserTests.xctest */ = {isa = PBXFileReference; explicitFileType = wrapper.cfbundle; includeInIndex = 0; path = IssueParserTests.xctest; sourceTree = BUILT_PRODUCTS_DIR; };
		92E999AD264580C4001058B8 /* Info.plist */ = {isa = PBXFileReference; lastKnownFileType = text.plist.xml; path = Info.plist; sourceTree = "<group>"; };
		92E999DD2645978F001058B8 /* ApplicationCoordinator.swift */ = {isa = PBXFileReference; fileEncoding = 4; lastKnownFileType = sourcecode.swift; path = ApplicationCoordinator.swift; sourceTree = "<group>"; };
		92E999DE2645978F001058B8 /* Coordinator.swift */ = {isa = PBXFileReference; fileEncoding = 4; lastKnownFileType = sourcecode.swift; path = Coordinator.swift; sourceTree = "<group>"; };
		92E999F62645A1EE001058B8 /* issues.csv */ = {isa = PBXFileReference; fileEncoding = 4; lastKnownFileType = text; path = issues.csv; sourceTree = "<group>"; };
		92F99FCA264EAF98008F983F /* issues_test_broken.csv */ = {isa = PBXFileReference; fileEncoding = 4; lastKnownFileType = text; path = issues_test_broken.csv; sourceTree = "<group>"; };
		92F99FCB264EAF98008F983F /* issues_test_heavy.csv */ = {isa = PBXFileReference; fileEncoding = 4; lastKnownFileType = text; path = issues_test_heavy.csv; sourceTree = "<group>"; };
		94171547DBDB87AC4AB735A7 /* Pods-IssueParser-IssueParserUITests.debug.xcconfig */ = {isa = PBXFileReference; includeInIndex = 1; lastKnownFileType = text.xcconfig; name = "Pods-IssueParser-IssueParserUITests.debug.xcconfig"; path = "Target Support Files/Pods-IssueParser-IssueParserUITests/Pods-IssueParser-IssueParserUITests.debug.xcconfig"; sourceTree = "<group>"; };
		C52E234E71B7BA6D590EA887 /* Pods-IssueParser-IssueParserUITests.release.xcconfig */ = {isa = PBXFileReference; includeInIndex = 1; lastKnownFileType = text.xcconfig; name = "Pods-IssueParser-IssueParserUITests.release.xcconfig"; path = "Target Support Files/Pods-IssueParser-IssueParserUITests/Pods-IssueParser-IssueParserUITests.release.xcconfig"; sourceTree = "<group>"; };
		DC8E48764D2A96C057999173 /* Pods-IssueParser.debug.xcconfig */ = {isa = PBXFileReference; includeInIndex = 1; lastKnownFileType = text.xcconfig; name = "Pods-IssueParser.debug.xcconfig"; path = "Target Support Files/Pods-IssueParser/Pods-IssueParser.debug.xcconfig"; sourceTree = "<group>"; };
		F504FCDD240E7FBCFA721290 /* Pods_IssueParserTests.framework */ = {isa = PBXFileReference; explicitFileType = wrapper.framework; includeInIndex = 0; path = Pods_IssueParserTests.framework; sourceTree = BUILT_PRODUCTS_DIR; };
/* End PBXFileReference section */

/* Begin PBXFrameworksBuildPhase section */
		92E9998E264580C3001058B8 /* Frameworks */ = {
			isa = PBXFrameworksBuildPhase;
			buildActionMask = 2147483647;
			files = (
				4036512BDDFA9544EF9E303F /* Pods_IssueParser.framework in Frameworks */,
			);
			runOnlyForDeploymentPostprocessing = 0;
		};
		92E999A4264580C4001058B8 /* Frameworks */ = {
			isa = PBXFrameworksBuildPhase;
			buildActionMask = 2147483647;
			files = (
				E726FCEE60FBE590FF7C8BA0 /* Pods_IssueParserTests.framework in Frameworks */,
			);
			runOnlyForDeploymentPostprocessing = 0;
		};
/* End PBXFrameworksBuildPhase section */

/* Begin PBXGroup section */
		0271232E4FE694463F074BEC /* Pods */ = {
			isa = PBXGroup;
			children = (
				DC8E48764D2A96C057999173 /* Pods-IssueParser.debug.xcconfig */,
				07A331DE855EA5B9C5D4B619 /* Pods-IssueParser.release.xcconfig */,
				94171547DBDB87AC4AB735A7 /* Pods-IssueParser-IssueParserUITests.debug.xcconfig */,
				C52E234E71B7BA6D590EA887 /* Pods-IssueParser-IssueParserUITests.release.xcconfig */,
				110F3B376A5C7DE7C5114919 /* Pods-IssueParserTests.debug.xcconfig */,
				150B8EFE1BC650E4CCD12ECA /* Pods-IssueParserTests.release.xcconfig */,
			);
			path = Pods;
			sourceTree = "<group>";
		};
		925CE406264B0B8D00A1948A /* Application */ = {
			isa = PBXGroup;
			children = (
				92E999A2264580C4001058B8 /* Info.plist */,
				92E99994264580C3001058B8 /* AppDelegate.swift */,
			);
			path = Application;
			sourceTree = "<group>";
		};
		925CE44B264B0DCE00A1948A /* Resources */ = {
			isa = PBXGroup;
			children = (
				925CE450264B0E3B00A1948A /* CSV */,
				92E9999F264580C4001058B8 /* LaunchScreen.storyboard */,
				92E9999D264580C4001058B8 /* Assets.xcassets */,
			);
			path = Resources;
			sourceTree = "<group>";
		};
		925CE450264B0E3B00A1948A /* CSV */ = {
			isa = PBXGroup;
			children = (
				92E999F62645A1EE001058B8 /* issues.csv */,
			);
			path = CSV;
			sourceTree = "<group>";
		};
		925CE451264B0E5E00A1948A /* Features */ = {
			isa = PBXGroup;
			children = (
				925CE452264B0E7000A1948A /* Issues */,
			);
			path = Features;
			sourceTree = "<group>";
		};
		925CE452264B0E7000A1948A /* Issues */ = {
			isa = PBXGroup;
			children = (
				92ECF1E9264D260C00971C10 /* Coordinator */,
				92ECF1EB264D262B00971C10 /* Model */,
				92ECF1EA264D261B00971C10 /* View */,
				92ECF1EC264D263800971C10 /* ViewModel */,
			);
			path = Issues;
			sourceTree = "<group>";
		};
		92748C37264E976000D3DBA7 /* Coordinator */ = {
			isa = PBXGroup;
			children = (
				92E78C4E264D679C0025EAF4 /* IssuesCoordinatorTests.swift */,
			);
			path = Coordinator;
			sourceTree = "<group>";
		};
		92748C39264E9DD900D3DBA7 /* ViewModel */ = {
			isa = PBXGroup;
			children = (
				92748C3A264E9DEC00D3DBA7 /* IssuesLoaderTests.swift */,
			);
			path = ViewModel;
			sourceTree = "<group>";
		};
		92748C40264E9F9400D3DBA7 /* Resources */ = {
			isa = PBXGroup;
			children = (
				92748C4A264EA00700D3DBA7 /* CSV */,
			);
			path = Resources;
			sourceTree = "<group>";
		};
		92748C4A264EA00700D3DBA7 /* CSV */ = {
			isa = PBXGroup;
			children = (
				92748C4B264EA00700D3DBA7 /* issues_test.csv */,
				92F99FCA264EAF98008F983F /* issues_test_broken.csv */,
				92F99FCB264EAF98008F983F /* issues_test_heavy.csv */,
			);
			path = CSV;
			sourceTree = "<group>";
		};
		92748C53264EA8DB00D3DBA7 /* Extensions */ = {
			isa = PBXGroup;
			children = (
				92748C54264EA90A00D3DBA7 /* Result+Values.swift */,
			);
			path = Extensions;
			sourceTree = "<group>";
		};
		92E78C0E264D39810025EAF4 /* UI Components */ = {
			isa = PBXGroup;
			children = (
				92E78C0F264D39950025EAF4 /* TableViewDataSource */,
			);
			path = "UI Components";
			sourceTree = "<group>";
		};
		92E78C0F264D39950025EAF4 /* TableViewDataSource */ = {
			isa = PBXGroup;
			children = (
				92E78C15264D39950025EAF4 /* Reusable.swift */,
				92E78C10264D39950025EAF4 /* TableViewDataSource.swift */,
			);
			path = TableViewDataSource;
			sourceTree = "<group>";
		};
		92E78C1E264D3D470025EAF4 /* TableView */ = {
			isa = PBXGroup;
			children = (
				92E78C1F264D3D540025EAF4 /* Cell */,
				92E78C30264D58130025EAF4 /* DataSource */,
			);
			path = TableView;
			sourceTree = "<group>";
		};
		92E78C1F264D3D540025EAF4 /* Cell */ = {
			isa = PBXGroup;
			children = (
				92E78C28264D3F680025EAF4 /* IssueTableViewCell.swift */,
				92E78C29264D3F680025EAF4 /* IssueTableViewCell.xib */,
			);
			path = Cell;
			sourceTree = "<group>";
		};
		92E78C30264D58130025EAF4 /* DataSource */ = {
			isa = PBXGroup;
			children = (
				92E78C20264D3D6A0025EAF4 /* TableViewDataSource+Issue.swift */,
			);
			path = DataSource;
			sourceTree = "<group>";
		};
		92E78C33264D5AF30025EAF4 /* Extensions */ = {
			isa = PBXGroup;
			children = (
				92E78C34264D5C1A0025EAF4 /* DateDecodingStrategy+CSV.swift */,
				92E78C38264D5ED00025EAF4 /* DateFormatter+Custom.swift */,
				92E78C40264D609F0025EAF4 /* JSONDecoder+Custom.swift */,
			);
			path = Extensions;
			sourceTree = "<group>";
		};
		92E78C4C264D67860025EAF4 /* Features */ = {
			isa = PBXGroup;
			children = (
				92748C53264EA8DB00D3DBA7 /* Extensions */,
				92E78C4D264D678C0025EAF4 /* Issues */,
			);
			path = Features;
			sourceTree = "<group>";
		};
		92E78C4D264D678C0025EAF4 /* Issues */ = {
			isa = PBXGroup;
			children = (
				92748C39264E9DD900D3DBA7 /* ViewModel */,
				92748C37264E976000D3DBA7 /* Coordinator */,
			);
			path = Issues;
			sourceTree = "<group>";
		};
		92E78C56264D68AC0025EAF4 /* Mocks */ = {
			isa = PBXGroup;
			children = (
				92E78C57264D68C10025EAF4 /* NavigationControllerMock.swift */,
			);
			path = Mocks;
			sourceTree = "<group>";
		};
		92E99988264580C3001058B8 = {
			isa = PBXGroup;
			children = (
				92E99993264580C3001058B8 /* IssueParser */,
				92E999AA264580C4001058B8 /* IssueParserTests */,
				92E99992264580C3001058B8 /* Products */,
				0271232E4FE694463F074BEC /* Pods */,
				A889659757BECA30CFB456ED /* Frameworks */,
			);
			sourceTree = "<group>";
		};
		92E99992264580C3001058B8 /* Products */ = {
			isa = PBXGroup;
			children = (
				92E99991264580C3001058B8 /* IssueParser.app */,
				92E999A7264580C4001058B8 /* IssueParserTests.xctest */,
			);
			name = Products;
			sourceTree = "<group>";
		};
		92E99993264580C3001058B8 /* IssueParser */ = {
			isa = PBXGroup;
			children = (
				925CE406264B0B8D00A1948A /* Application */,
				92E999DC26459771001058B8 /* Coordination */,
				92E78C33264D5AF30025EAF4 /* Extensions */,
				925CE451264B0E5E00A1948A /* Features */,
				925CE44B264B0DCE00A1948A /* Resources */,
				92E78C0E264D39810025EAF4 /* UI Components */,
			);
			path = IssueParser;
			sourceTree = "<group>";
		};
		92E999AA264580C4001058B8 /* IssueParserTests */ = {
			isa = PBXGroup;
			children = (
				92E78C56264D68AC0025EAF4 /* Mocks */,
				92E78C4C264D67860025EAF4 /* Features */,
				92E999AD264580C4001058B8 /* Info.plist */,
				92748C40264E9F9400D3DBA7 /* Resources */,
			);
			path = IssueParserTests;
			sourceTree = "<group>";
		};
		92E999DC26459771001058B8 /* Coordination */ = {
			isa = PBXGroup;
			children = (
				92E999DD2645978F001058B8 /* ApplicationCoordinator.swift */,
				92E999DE2645978F001058B8 /* Coordinator.swift */,
			);
			path = Coordination;
			sourceTree = "<group>";
		};
		92ECF1E9264D260C00971C10 /* Coordinator */ = {
			isa = PBXGroup;
			children = (
				925CE45F264B0FE200A1948A /* IssuesCoordinator.swift */,
			);
			path = Coordinator;
			sourceTree = "<group>";
		};
		92ECF1EA264D261B00971C10 /* View */ = {
			isa = PBXGroup;
			children = (
				92E78C1E264D3D470025EAF4 /* TableView */,
				925CE455264B0F6300A1948A /* IssuesViewController.swift */,
			);
			path = View;
			sourceTree = "<group>";
		};
		92ECF1EB264D262B00971C10 /* Model */ = {
			isa = PBXGroup;
			children = (
				925CE469264B16F300A1948A /* Issue.swift */,
			);
			path = Model;
			sourceTree = "<group>";
		};
		92ECF1EC264D263800971C10 /* ViewModel */ = {
			isa = PBXGroup;
			children = (
				925CE465264B146700A1948A /* IssuesLoader.swift */,
				925CE459264B0F6F00A1948A /* IssuesViewModel.swift */,
			);
			path = ViewModel;
			sourceTree = "<group>";
		};
		A889659757BECA30CFB456ED /* Frameworks */ = {
			isa = PBXGroup;
			children = (
				32C9B7F5743606CBA970AF15 /* Pods_IssueParser.framework */,
				0802B92B7BA882DC6B7C1984 /* Pods_IssueParser_IssueParserUITests.framework */,
				F504FCDD240E7FBCFA721290 /* Pods_IssueParserTests.framework */,
			);
			name = Frameworks;
			sourceTree = "<group>";
		};
/* End PBXGroup section */

/* Begin PBXNativeTarget section */
		92E99990264580C3001058B8 /* IssueParser */ = {
			isa = PBXNativeTarget;
			buildConfigurationList = 92E999BB264580C4001058B8 /* Build configuration list for PBXNativeTarget "IssueParser" */;
			buildPhases = (
				44E2F8AF85F6FDB4FE29B6C7 /* [CP] Check Pods Manifest.lock */,
				92E9998D264580C3001058B8 /* Sources */,
				92E9998E264580C3001058B8 /* Frameworks */,
				92E9998F264580C3001058B8 /* Resources */,
				EC87DA0CC66A27662492BEFB /* [CP] Embed Pods Frameworks */,
			);
			buildRules = (
			);
			dependencies = (
			);
			name = IssueParser;
			productName = IssueParser;
			productReference = 92E99991264580C3001058B8 /* IssueParser.app */;
			productType = "com.apple.product-type.application";
		};
		92E999A6264580C4001058B8 /* IssueParserTests */ = {
			isa = PBXNativeTarget;
			buildConfigurationList = 92E999BE264580C4001058B8 /* Build configuration list for PBXNativeTarget "IssueParserTests" */;
			buildPhases = (
				655D9E79EE47837FF283BFC7 /* [CP] Check Pods Manifest.lock */,
				92E999A3264580C4001058B8 /* Sources */,
				92E999A4264580C4001058B8 /* Frameworks */,
				92E999A5264580C4001058B8 /* Resources */,
			);
			buildRules = (
			);
			dependencies = (
				92E999A9264580C4001058B8 /* PBXTargetDependency */,
			);
			name = IssueParserTests;
			productName = IssueParserTests;
			productReference = 92E999A7264580C4001058B8 /* IssueParserTests.xctest */;
			productType = "com.apple.product-type.bundle.unit-test";
		};
/* End PBXNativeTarget section */

/* Begin PBXProject section */
		92E99989264580C3001058B8 /* Project object */ = {
			isa = PBXProject;
			attributes = {
				LastSwiftUpdateCheck = 1240;
				LastUpgradeCheck = 1240;
				TargetAttributes = {
					92E99990264580C3001058B8 = {
						CreatedOnToolsVersion = 12.4;
					};
					92E999A6264580C4001058B8 = {
						CreatedOnToolsVersion = 12.4;
						TestTargetID = 92E99990264580C3001058B8;
					};
				};
			};
			buildConfigurationList = 92E9998C264580C3001058B8 /* Build configuration list for PBXProject "IssueParser" */;
			compatibilityVersion = "Xcode 9.3";
			developmentRegion = en;
			hasScannedForEncodings = 0;
			knownRegions = (
				en,
				Base,
			);
			mainGroup = 92E99988264580C3001058B8;
			productRefGroup = 92E99992264580C3001058B8 /* Products */;
			projectDirPath = "";
			projectRoot = "";
			targets = (
				92E99990264580C3001058B8 /* IssueParser */,
				92E999A6264580C4001058B8 /* IssueParserTests */,
			);
		};
/* End PBXProject section */

/* Begin PBXResourcesBuildPhase section */
		92E9998F264580C3001058B8 /* Resources */ = {
			isa = PBXResourcesBuildPhase;
			buildActionMask = 2147483647;
			files = (
				92E999F72645A1EE001058B8 /* issues.csv in Resources */,
				92E999A1264580C4001058B8 /* LaunchScreen.storyboard in Resources */,
				92E9999E264580C4001058B8 /* Assets.xcassets in Resources */,
				92E78C2B264D3F680025EAF4 /* IssueTableViewCell.xib in Resources */,
			);
			runOnlyForDeploymentPostprocessing = 0;
		};
		92E999A5264580C4001058B8 /* Resources */ = {
			isa = PBXResourcesBuildPhase;
			buildActionMask = 2147483647;
			files = (
				92F99FCD264EAF98008F983F /* issues_test_heavy.csv in Resources */,
				92748C4C264EA00800D3DBA7 /* issues_test.csv in Resources */,
				92F99FCC264EAF98008F983F /* issues_test_broken.csv in Resources */,
			);
			runOnlyForDeploymentPostprocessing = 0;
		};
/* End PBXResourcesBuildPhase section */

/* Begin PBXShellScriptBuildPhase section */
		44E2F8AF85F6FDB4FE29B6C7 /* [CP] Check Pods Manifest.lock */ = {
			isa = PBXShellScriptBuildPhase;
			buildActionMask = 2147483647;
			files = (
			);
			inputFileListPaths = (
			);
			inputPaths = (
				"${PODS_PODFILE_DIR_PATH}/Podfile.lock",
				"${PODS_ROOT}/Manifest.lock",
			);
			name = "[CP] Check Pods Manifest.lock";
			outputFileListPaths = (
			);
			outputPaths = (
				"$(DERIVED_FILE_DIR)/Pods-IssueParser-checkManifestLockResult.txt",
			);
			runOnlyForDeploymentPostprocessing = 0;
			shellPath = /bin/sh;
			shellScript = "diff \"${PODS_PODFILE_DIR_PATH}/Podfile.lock\" \"${PODS_ROOT}/Manifest.lock\" > /dev/null\nif [ $? != 0 ] ; then\n    # print error to STDERR\n    echo \"error: The sandbox is not in sync with the Podfile.lock. Run 'pod install' or update your CocoaPods installation.\" >&2\n    exit 1\nfi\n# This output is used by Xcode 'outputs' to avoid re-running this script phase.\necho \"SUCCESS\" > \"${SCRIPT_OUTPUT_FILE_0}\"\n";
			showEnvVarsInLog = 0;
		};
		655D9E79EE47837FF283BFC7 /* [CP] Check Pods Manifest.lock */ = {
			isa = PBXShellScriptBuildPhase;
			buildActionMask = 2147483647;
			files = (
			);
			inputFileListPaths = (
			);
			inputPaths = (
				"${PODS_PODFILE_DIR_PATH}/Podfile.lock",
				"${PODS_ROOT}/Manifest.lock",
			);
			name = "[CP] Check Pods Manifest.lock";
			outputFileListPaths = (
			);
			outputPaths = (
				"$(DERIVED_FILE_DIR)/Pods-IssueParserTests-checkManifestLockResult.txt",
			);
			runOnlyForDeploymentPostprocessing = 0;
			shellPath = /bin/sh;
			shellScript = "diff \"${PODS_PODFILE_DIR_PATH}/Podfile.lock\" \"${PODS_ROOT}/Manifest.lock\" > /dev/null\nif [ $? != 0 ] ; then\n    # print error to STDERR\n    echo \"error: The sandbox is not in sync with the Podfile.lock. Run 'pod install' or update your CocoaPods installation.\" >&2\n    exit 1\nfi\n# This output is used by Xcode 'outputs' to avoid re-running this script phase.\necho \"SUCCESS\" > \"${SCRIPT_OUTPUT_FILE_0}\"\n";
			showEnvVarsInLog = 0;
		};
		EC87DA0CC66A27662492BEFB /* [CP] Embed Pods Frameworks */ = {
			isa = PBXShellScriptBuildPhase;
			buildActionMask = 2147483647;
			files = (
			);
			inputFileListPaths = (
				"${PODS_ROOT}/Target Support Files/Pods-IssueParser/Pods-IssueParser-frameworks-${CONFIGURATION}-input-files.xcfilelist",
			);
			name = "[CP] Embed Pods Frameworks";
			outputFileListPaths = (
				"${PODS_ROOT}/Target Support Files/Pods-IssueParser/Pods-IssueParser-frameworks-${CONFIGURATION}-output-files.xcfilelist",
			);
			runOnlyForDeploymentPostprocessing = 0;
			shellPath = /bin/sh;
			shellScript = "\"${PODS_ROOT}/Target Support Files/Pods-IssueParser/Pods-IssueParser-frameworks.sh\"\n";
			showEnvVarsInLog = 0;
		};
/* End PBXShellScriptBuildPhase section */

/* Begin PBXSourcesBuildPhase section */
		92E9998D264580C3001058B8 /* Sources */ = {
			isa = PBXSourcesBuildPhase;
			buildActionMask = 2147483647;
			files = (
				925CE466264B146700A1948A /* IssuesLoader.swift in Sources */,
				925CE45A264B0F6F00A1948A /* IssuesViewModel.swift in Sources */,
				92E999E02645978F001058B8 /* Coordinator.swift in Sources */,
				92E78C2A264D3F680025EAF4 /* IssueTableViewCell.swift in Sources */,
				925CE460264B0FE200A1948A /* IssuesCoordinator.swift in Sources */,
				92E99995264580C3001058B8 /* AppDelegate.swift in Sources */,
				92E78C35264D5C1A0025EAF4 /* DateDecodingStrategy+CSV.swift in Sources */,
				92E78C19264D39950025EAF4 /* Reusable.swift in Sources */,
				92E78C21264D3D6A0025EAF4 /* TableViewDataSource+Issue.swift in Sources */,
				92E78C41264D609F0025EAF4 /* JSONDecoder+Custom.swift in Sources */,
				92E78C16264D39950025EAF4 /* TableViewDataSource.swift in Sources */,
				92E999DF2645978F001058B8 /* ApplicationCoordinator.swift in Sources */,
				925CE456264B0F6300A1948A /* IssuesViewController.swift in Sources */,
				925CE46A264B16F300A1948A /* Issue.swift in Sources */,
				92E78C39264D5ED00025EAF4 /* DateFormatter+Custom.swift in Sources */,
			);
			runOnlyForDeploymentPostprocessing = 0;
		};
		92E999A3264580C4001058B8 /* Sources */ = {
			isa = PBXSourcesBuildPhase;
			buildActionMask = 2147483647;
			files = (
				92748C55264EA90A00D3DBA7 /* Result+Values.swift in Sources */,
				92E78C4F264D679C0025EAF4 /* IssuesCoordinatorTests.swift in Sources */,
				92E78C58264D68C10025EAF4 /* NavigationControllerMock.swift in Sources */,
				92748C3B264E9DEC00D3DBA7 /* IssuesLoaderTests.swift in Sources */,
			);
			runOnlyForDeploymentPostprocessing = 0;
		};
/* End PBXSourcesBuildPhase section */

/* Begin PBXTargetDependency section */
		92E999A9264580C4001058B8 /* PBXTargetDependency */ = {
			isa = PBXTargetDependency;
			target = 92E99990264580C3001058B8 /* IssueParser */;
			targetProxy = 92E999A8264580C4001058B8 /* PBXContainerItemProxy */;
		};
/* End PBXTargetDependency section */

/* Begin PBXVariantGroup section */
		92E9999F264580C4001058B8 /* LaunchScreen.storyboard */ = {
			isa = PBXVariantGroup;
			children = (
				92E999A0264580C4001058B8 /* Base */,
			);
			name = LaunchScreen.storyboard;
			sourceTree = "<group>";
		};
/* End PBXVariantGroup section */

/* Begin XCBuildConfiguration section */
		92E999B9264580C4001058B8 /* Debug */ = {
			isa = XCBuildConfiguration;
			buildSettings = {
				ALWAYS_SEARCH_USER_PATHS = NO;
				CLANG_ANALYZER_NONNULL = YES;
				CLANG_ANALYZER_NUMBER_OBJECT_CONVERSION = YES_AGGRESSIVE;
				CLANG_CXX_LANGUAGE_STANDARD = "gnu++14";
				CLANG_CXX_LIBRARY = "libc++";
				CLANG_ENABLE_MODULES = YES;
				CLANG_ENABLE_OBJC_ARC = YES;
				CLANG_ENABLE_OBJC_WEAK = YES;
				CLANG_WARN_BLOCK_CAPTURE_AUTORELEASING = YES;
				CLANG_WARN_BOOL_CONVERSION = YES;
				CLANG_WARN_COMMA = YES;
				CLANG_WARN_CONSTANT_CONVERSION = YES;
				CLANG_WARN_DEPRECATED_OBJC_IMPLEMENTATIONS = YES;
				CLANG_WARN_DIRECT_OBJC_ISA_USAGE = YES_ERROR;
				CLANG_WARN_DOCUMENTATION_COMMENTS = YES;
				CLANG_WARN_EMPTY_BODY = YES;
				CLANG_WARN_ENUM_CONVERSION = YES;
				CLANG_WARN_INFINITE_RECURSION = YES;
				CLANG_WARN_INT_CONVERSION = YES;
				CLANG_WARN_NON_LITERAL_NULL_CONVERSION = YES;
				CLANG_WARN_OBJC_IMPLICIT_RETAIN_SELF = YES;
				CLANG_WARN_OBJC_LITERAL_CONVERSION = YES;
				CLANG_WARN_OBJC_ROOT_CLASS = YES_ERROR;
				CLANG_WARN_QUOTED_INCLUDE_IN_FRAMEWORK_HEADER = YES;
				CLANG_WARN_RANGE_LOOP_ANALYSIS = YES;
				CLANG_WARN_STRICT_PROTOTYPES = YES;
				CLANG_WARN_SUSPICIOUS_MOVE = YES;
				CLANG_WARN_UNGUARDED_AVAILABILITY = YES_AGGRESSIVE;
				CLANG_WARN_UNREACHABLE_CODE = YES;
				CLANG_WARN__DUPLICATE_METHOD_MATCH = YES;
				COPY_PHASE_STRIP = NO;
				DEBUG_INFORMATION_FORMAT = dwarf;
				ENABLE_STRICT_OBJC_MSGSEND = YES;
				ENABLE_TESTABILITY = YES;
				GCC_C_LANGUAGE_STANDARD = gnu11;
				GCC_DYNAMIC_NO_PIC = NO;
				GCC_NO_COMMON_BLOCKS = YES;
				GCC_OPTIMIZATION_LEVEL = 0;
				GCC_PREPROCESSOR_DEFINITIONS = (
					"DEBUG=1",
					"$(inherited)",
				);
				GCC_WARN_64_TO_32_BIT_CONVERSION = YES;
				GCC_WARN_ABOUT_RETURN_TYPE = YES_ERROR;
				GCC_WARN_UNDECLARED_SELECTOR = YES;
				GCC_WARN_UNINITIALIZED_AUTOS = YES_AGGRESSIVE;
				GCC_WARN_UNUSED_FUNCTION = YES;
				GCC_WARN_UNUSED_VARIABLE = YES;
				IPHONEOS_DEPLOYMENT_TARGET = 14.4;
				MTL_ENABLE_DEBUG_INFO = INCLUDE_SOURCE;
				MTL_FAST_MATH = YES;
				ONLY_ACTIVE_ARCH = YES;
				SDKROOT = iphoneos;
				SWIFT_ACTIVE_COMPILATION_CONDITIONS = DEBUG;
				SWIFT_OPTIMIZATION_LEVEL = "-Onone";
			};
			name = Debug;
		};
		92E999BA264580C4001058B8 /* Release */ = {
			isa = XCBuildConfiguration;
			buildSettings = {
				ALWAYS_SEARCH_USER_PATHS = NO;
				CLANG_ANALYZER_NONNULL = YES;
				CLANG_ANALYZER_NUMBER_OBJECT_CONVERSION = YES_AGGRESSIVE;
				CLANG_CXX_LANGUAGE_STANDARD = "gnu++14";
				CLANG_CXX_LIBRARY = "libc++";
				CLANG_ENABLE_MODULES = YES;
				CLANG_ENABLE_OBJC_ARC = YES;
				CLANG_ENABLE_OBJC_WEAK = YES;
				CLANG_WARN_BLOCK_CAPTURE_AUTORELEASING = YES;
				CLANG_WARN_BOOL_CONVERSION = YES;
				CLANG_WARN_COMMA = YES;
				CLANG_WARN_CONSTANT_CONVERSION = YES;
				CLANG_WARN_DEPRECATED_OBJC_IMPLEMENTATIONS = YES;
				CLANG_WARN_DIRECT_OBJC_ISA_USAGE = YES_ERROR;
				CLANG_WARN_DOCUMENTATION_COMMENTS = YES;
				CLANG_WARN_EMPTY_BODY = YES;
				CLANG_WARN_ENUM_CONVERSION = YES;
				CLANG_WARN_INFINITE_RECURSION = YES;
				CLANG_WARN_INT_CONVERSION = YES;
				CLANG_WARN_NON_LITERAL_NULL_CONVERSION = YES;
				CLANG_WARN_OBJC_IMPLICIT_RETAIN_SELF = YES;
				CLANG_WARN_OBJC_LITERAL_CONVERSION = YES;
				CLANG_WARN_OBJC_ROOT_CLASS = YES_ERROR;
				CLANG_WARN_QUOTED_INCLUDE_IN_FRAMEWORK_HEADER = YES;
				CLANG_WARN_RANGE_LOOP_ANALYSIS = YES;
				CLANG_WARN_STRICT_PROTOTYPES = YES;
				CLANG_WARN_SUSPICIOUS_MOVE = YES;
				CLANG_WARN_UNGUARDED_AVAILABILITY = YES_AGGRESSIVE;
				CLANG_WARN_UNREACHABLE_CODE = YES;
				CLANG_WARN__DUPLICATE_METHOD_MATCH = YES;
				COPY_PHASE_STRIP = NO;
				DEBUG_INFORMATION_FORMAT = "dwarf-with-dsym";
				ENABLE_NS_ASSERTIONS = NO;
				ENABLE_STRICT_OBJC_MSGSEND = YES;
				GCC_C_LANGUAGE_STANDARD = gnu11;
				GCC_NO_COMMON_BLOCKS = YES;
				GCC_WARN_64_TO_32_BIT_CONVERSION = YES;
				GCC_WARN_ABOUT_RETURN_TYPE = YES_ERROR;
				GCC_WARN_UNDECLARED_SELECTOR = YES;
				GCC_WARN_UNINITIALIZED_AUTOS = YES_AGGRESSIVE;
				GCC_WARN_UNUSED_FUNCTION = YES;
				GCC_WARN_UNUSED_VARIABLE = YES;
				IPHONEOS_DEPLOYMENT_TARGET = 14.4;
				MTL_ENABLE_DEBUG_INFO = NO;
				MTL_FAST_MATH = YES;
				SDKROOT = iphoneos;
				SWIFT_COMPILATION_MODE = wholemodule;
				SWIFT_OPTIMIZATION_LEVEL = "-O";
				VALIDATE_PRODUCT = YES;
			};
			name = Release;
		};
		92E999BC264580C4001058B8 /* Debug */ = {
			isa = XCBuildConfiguration;
			baseConfigurationReference = DC8E48764D2A96C057999173 /* Pods-IssueParser.debug.xcconfig */;
			buildSettings = {
				ASSETCATALOG_COMPILER_APPICON_NAME = AppIcon;
				ASSETCATALOG_COMPILER_GLOBAL_ACCENT_COLOR_NAME = AccentColor;
				CODE_SIGN_STYLE = Automatic;
				INFOPLIST_FILE = IssueParser/Application/Info.plist;
				LD_RUNPATH_SEARCH_PATHS = (
					"$(inherited)",
					"@executable_path/Frameworks",
				);
				PRODUCT_BUNDLE_IDENTIFIER = SerhiiS.IssueParser;
				PRODUCT_NAME = "$(TARGET_NAME)";
				SWIFT_VERSION = 5.0;
				TARGETED_DEVICE_FAMILY = "1,2";
			};
			name = Debug;
		};
		92E999BD264580C4001058B8 /* Release */ = {
			isa = XCBuildConfiguration;
			baseConfigurationReference = 07A331DE855EA5B9C5D4B619 /* Pods-IssueParser.release.xcconfig */;
			buildSettings = {
				ASSETCATALOG_COMPILER_APPICON_NAME = AppIcon;
				ASSETCATALOG_COMPILER_GLOBAL_ACCENT_COLOR_NAME = AccentColor;
				CODE_SIGN_STYLE = Automatic;
				INFOPLIST_FILE = IssueParser/Application/Info.plist;
				LD_RUNPATH_SEARCH_PATHS = (
					"$(inherited)",
					"@executable_path/Frameworks",
				);
				PRODUCT_BUNDLE_IDENTIFIER = SerhiiS.IssueParser;
				PRODUCT_NAME = "$(TARGET_NAME)";
				SWIFT_VERSION = 5.0;
				TARGETED_DEVICE_FAMILY = "1,2";
			};
			name = Release;
		};
		92E999BF264580C4001058B8 /* Debug */ = {
			isa = XCBuildConfiguration;
			baseConfigurationReference = 110F3B376A5C7DE7C5114919 /* Pods-IssueParserTests.debug.xcconfig */;
			buildSettings = {
				ALWAYS_EMBED_SWIFT_STANDARD_LIBRARIES = YES;
				BUNDLE_LOADER = "$(TEST_HOST)";
				CODE_SIGN_STYLE = Automatic;
				INFOPLIST_FILE = IssueParserTests/Info.plist;
				IPHONEOS_DEPLOYMENT_TARGET = 14.4;
				LD_RUNPATH_SEARCH_PATHS = (
					"$(inherited)",
					"@executable_path/Frameworks",
					"@loader_path/Frameworks",
				);
				PRODUCT_BUNDLE_IDENTIFIER = SerhiiS.IssueParserTests;
				PRODUCT_NAME = "$(TARGET_NAME)";
				SWIFT_VERSION = 5.0;
				TARGETED_DEVICE_FAMILY = "1,2";
				TEST_HOST = "$(BUILT_PRODUCTS_DIR)/IssueParser.app/IssueParser";
			};
			name = Debug;
		};
		92E999C0264580C4001058B8 /* Release */ = {
			isa = XCBuildConfiguration;
			baseConfigurationReference = 150B8EFE1BC650E4CCD12ECA /* Pods-IssueParserTests.release.xcconfig */;
			buildSettings = {
				ALWAYS_EMBED_SWIFT_STANDARD_LIBRARIES = YES;
				BUNDLE_LOADER = "$(TEST_HOST)";
				CODE_SIGN_STYLE = Automatic;
				INFOPLIST_FILE = IssueParserTests/Info.plist;
				IPHONEOS_DEPLOYMENT_TARGET = 14.4;
				LD_RUNPATH_SEARCH_PATHS = (
					"$(inherited)",
					"@executable_path/Frameworks",
					"@loader_path/Frameworks",
				);
				PRODUCT_BUNDLE_IDENTIFIER = SerhiiS.IssueParserTests;
				PRODUCT_NAME = "$(TARGET_NAME)";
				SWIFT_VERSION = 5.0;
				TARGETED_DEVICE_FAMILY = "1,2";
				TEST_HOST = "$(BUILT_PRODUCTS_DIR)/IssueParser.app/IssueParser";
			};
			name = Release;
		};
/* End XCBuildConfiguration section */

/* Begin XCConfigurationList section */
		92E9998C264580C3001058B8 /* Build configuration list for PBXProject "IssueParser" */ = {
			isa = XCConfigurationList;
			buildConfigurations = (
				92E999B9264580C4001058B8 /* Debug */,
				92E999BA264580C4001058B8 /* Release */,
			);
			defaultConfigurationIsVisible = 0;
			defaultConfigurationName = Release;
		};
		92E999BB264580C4001058B8 /* Build configuration list for PBXNativeTarget "IssueParser" */ = {
			isa = XCConfigurationList;
			buildConfigurations = (
				92E999BC264580C4001058B8 /* Debug */,
				92E999BD264580C4001058B8 /* Release */,
			);
			defaultConfigurationIsVisible = 0;
			defaultConfigurationName = Release;
		};
		92E999BE264580C4001058B8 /* Build configuration list for PBXNativeTarget "IssueParserTests" */ = {
			isa = XCConfigurationList;
			buildConfigurations = (
				92E999BF264580C4001058B8 /* Debug */,
				92E999C0264580C4001058B8 /* Release */,
			);
			defaultConfigurationIsVisible = 0;
			defaultConfigurationName = Release;
		};
/* End XCConfigurationList section */
	};
	rootObject = 92E99989264580C3001058B8 /* Project object */;
}
